
Microsoft Visual Studio Solution File, Format Version 12.00
# Visual Studio 15
VisualStudioVersion = 15.0.26730.16
MinimumVisualStudioVersion = 10.0.40219.1
Project("{9A19103F-16F7-4668-BE54-9A1E7A4F7556}") = "TwoByFour", "TwoByFour\TwoByFour.csproj", "{91AFBB0F-60E8-4518-B137-BF3DB0F3B1D4}"
EndProject
Project("{9A19103F-16F7-4668-BE54-9A1E7A4F7556}") = "TwoByFour.Tests", "TwoByFour.Tests\TwoByFour.Tests.csproj", "{B3338032-68D0-4A36-95DE-266DB85FC3CE}"
EndProject
Global
	GlobalSection(SolutionConfigurationPlatforms) = preSolution
		Debug|Any CPU = Debug|Any CPU
		Release|Any CPU = Release|Any CPU
	EndGlobalSection
	GlobalSection(ProjectConfigurationPlatforms) = postSolution
		{91AFBB0F-60E8-4518-B137-BF3DB0F3B1D4}.Debug|Any CPU.ActiveCfg = Debug|Any CPU
		{91AFBB0F-60E8-4518-B137-BF3DB0F3B1D4}.Debug|Any CPU.Build.0 = Debug|Any CPU
		{91AFBB0F-60E8-4518-B137-BF3DB0F3B1D4}.Release|Any CPU.ActiveCfg = Release|Any CPU
		{91AFBB0F-60E8-4518-B137-BF3DB0F3B1D4}.Release|Any CPU.Build.0 = Release|Any CPU
		{B3338032-68D0-4A36-95DE-266DB85FC3CE}.Debug|Any CPU.ActiveCfg = Debug|Any CPU
		{B3338032-68D0-4A36-95DE-266DB85FC3CE}.Debug|Any CPU.Build.0 = Debug|Any CPU
		{B3338032-68D0-4A36-95DE-266DB85FC3CE}.Release|Any CPU.ActiveCfg = Release|Any CPU
		{B3338032-68D0-4A36-95DE-266DB85FC3CE}.Release|Any CPU.Build.0 = Release|Any CPU
	EndGlobalSection
	GlobalSection(SolutionProperties) = preSolution
		HideSolutionNode = FALSE
	EndGlobalSection
	GlobalSection(ExtensibilityGlobals) = postSolution
		SolutionGuid = {D3D74398-5625-4D97-B75C-774604A5F27B}
	EndGlobalSection
EndGlobal
